
Microsoft Visual Studio Solution File, Format Version 12.00
# Visual Studio Version 16
VisualStudioVersion = 16.0.29728.190
MinimumVisualStudioVersion = 10.0.40219.1
Project("{2150E333-8FDC-42A3-9474-1A3956D46DE8}") = "Core", "Core", "{6BB57F7E-216A-4D63-9795-1468F8127D74}"
EndProject
Project("{2150E333-8FDC-42A3-9474-1A3956D46DE8}") = "Persistence", "Persistence", "{7AA28CC3-CC79-47AA-A9AA-9FFD53AC10F6}"
EndProject
Project("{9A19103F-16F7-4668-BE54-9A1E7A4F7556}") = "Stazh.Data.EFCore", "Stazh.Data.Persistence\Stazh.Data.EFCore.csproj", "{DB2CCBD0-FAE7-42C9-9109-EF7390B609BD}"
EndProject
Project("{9A19103F-16F7-4668-BE54-9A1E7A4F7556}") = "Stazh.Core", "Stazh.Core\Stazh.Core.csproj", "{1954BA53-EAD8-4D79-9AFA-07E21FFFA6D6}"
EndProject
Project("{9A19103F-16F7-4668-BE54-9A1E7A4F7556}") = "Stazh.Data.EFCore.Testing", "Stazh.Data.Persistence.Testing\Stazh.Data.EFCore.Testing.csproj", "{7EC84492-A8CB-4086-99BE-0365F4F70F7C}"
EndProject
Project("{2150E333-8FDC-42A3-9474-1A3956D46DE8}") = "Service", "Service", "{D60A5D78-A901-4332-A02B-EC1C8D005800}"
EndProject
Project("{9A19103F-16F7-4668-BE54-9A1E7A4F7556}") = "Stazh.Services.Implementations", "Stazh.Services.Implementations\Stazh.Services.Implementations.csproj", "{1F832471-F30D-4CB4-B0E9-D0A36E494CC7}"
EndProject
Project("{9A19103F-16F7-4668-BE54-9A1E7A4F7556}") = "Stazh.Data.AzureBlob", "Stazh.Data.AzureBlob\Stazh.Data.AzureBlob.csproj", "{344B77CB-CC5B-4D12-86DC-F4FDD39D58AC}"
EndProject
Project("{2150E333-8FDC-42A3-9474-1A3956D46DE8}") = "Application", "Application", "{9F5AED39-76AF-449D-A842-FAC06005B961}"
EndProject
Project("{9A19103F-16F7-4668-BE54-9A1E7A4F7556}") = "Stazh.Application.WebApp", "Stazh.Application.WebApp\Stazh.Application.WebApp.csproj", "{EB2FDD32-5357-4AB3-B531-46AA2EC9EA0B}"
EndProject
Project("{9A19103F-16F7-4668-BE54-9A1E7A4F7556}") = "Stazh.Data.AzureBlob.Testing", "Stazh.Data.AzureBlob.Testing\Stazh.Data.AzureBlob.Testing.csproj", "{D803C99D-2776-4A1C-B095-28FBBF649AAE}"
EndProject
Project("{2150E333-8FDC-42A3-9474-1A3956D46DE8}") = "Testing", "Testing", "{A1BA8CE3-EA21-42F0-85A8-BA315B7BC9D7}"
EndProject
Project("{2150E333-8FDC-42A3-9474-1A3956D46DE8}") = "Testing", "Testing", "{D729C03D-911F-4EEA-8B0E-BF060EA157A9}"
EndProject
Project("{FAE04EC0-301F-11D3-BF4B-00C04F79EFBC}") = "Stazh.Core.Testing", "Stazh.Core.Testing\Stazh.Core.Testing.csproj", "{C2F61080-B76A-4020-A9AA-51A8284D0D2C}"
EndProject
Global
	GlobalSection(SolutionConfigurationPlatforms) = preSolution
		Debug|Any CPU = Debug|Any CPU
		Release|Any CPU = Release|Any CPU
	EndGlobalSection
	GlobalSection(ProjectConfigurationPlatforms) = postSolution
		{DB2CCBD0-FAE7-42C9-9109-EF7390B609BD}.Debug|Any CPU.ActiveCfg = Debug|Any CPU
		{DB2CCBD0-FAE7-42C9-9109-EF7390B609BD}.Debug|Any CPU.Build.0 = Debug|Any CPU
		{DB2CCBD0-FAE7-42C9-9109-EF7390B609BD}.Release|Any CPU.ActiveCfg = Release|Any CPU
		{DB2CCBD0-FAE7-42C9-9109-EF7390B609BD}.Release|Any CPU.Build.0 = Release|Any CPU
		{1954BA53-EAD8-4D79-9AFA-07E21FFFA6D6}.Debug|Any CPU.ActiveCfg = Debug|Any CPU
		{1954BA53-EAD8-4D79-9AFA-07E21FFFA6D6}.Debug|Any CPU.Build.0 = Debug|Any CPU
		{1954BA53-EAD8-4D79-9AFA-07E21FFFA6D6}.Release|Any CPU.ActiveCfg = Release|Any CPU
		{1954BA53-EAD8-4D79-9AFA-07E21FFFA6D6}.Release|Any CPU.Build.0 = Release|Any CPU
		{7EC84492-A8CB-4086-99BE-0365F4F70F7C}.Debug|Any CPU.ActiveCfg = Debug|Any CPU
		{7EC84492-A8CB-4086-99BE-0365F4F70F7C}.Debug|Any CPU.Build.0 = Debug|Any CPU
		{7EC84492-A8CB-4086-99BE-0365F4F70F7C}.Release|Any CPU.ActiveCfg = Release|Any CPU
		{7EC84492-A8CB-4086-99BE-0365F4F70F7C}.Release|Any CPU.Build.0 = Release|Any CPU
		{1F832471-F30D-4CB4-B0E9-D0A36E494CC7}.Debug|Any CPU.ActiveCfg = Debug|Any CPU
		{1F832471-F30D-4CB4-B0E9-D0A36E494CC7}.Debug|Any CPU.Build.0 = Debug|Any CPU
		{1F832471-F30D-4CB4-B0E9-D0A36E494CC7}.Release|Any CPU.ActiveCfg = Release|Any CPU
		{1F832471-F30D-4CB4-B0E9-D0A36E494CC7}.Release|Any CPU.Build.0 = Release|Any CPU
		{344B77CB-CC5B-4D12-86DC-F4FDD39D58AC}.Debug|Any CPU.ActiveCfg = Debug|Any CPU
		{344B77CB-CC5B-4D12-86DC-F4FDD39D58AC}.Debug|Any CPU.Build.0 = Debug|Any CPU
		{344B77CB-CC5B-4D12-86DC-F4FDD39D58AC}.Release|Any CPU.ActiveCfg = Release|Any CPU
		{344B77CB-CC5B-4D12-86DC-F4FDD39D58AC}.Release|Any CPU.Build.0 = Release|Any CPU
		{EB2FDD32-5357-4AB3-B531-46AA2EC9EA0B}.Debug|Any CPU.ActiveCfg = Debug|Any CPU
		{EB2FDD32-5357-4AB3-B531-46AA2EC9EA0B}.Debug|Any CPU.Build.0 = Debug|Any CPU
		{EB2FDD32-5357-4AB3-B531-46AA2EC9EA0B}.Release|Any CPU.ActiveCfg = Release|Any CPU
		{EB2FDD32-5357-4AB3-B531-46AA2EC9EA0B}.Release|Any CPU.Build.0 = Release|Any CPU
		{D803C99D-2776-4A1C-B095-28FBBF649AAE}.Debug|Any CPU.ActiveCfg = Debug|Any CPU
		{D803C99D-2776-4A1C-B095-28FBBF649AAE}.Debug|Any CPU.Build.0 = Debug|Any CPU
		{D803C99D-2776-4A1C-B095-28FBBF649AAE}.Release|Any CPU.ActiveCfg = Release|Any CPU
		{D803C99D-2776-4A1C-B095-28FBBF649AAE}.Release|Any CPU.Build.0 = Release|Any CPU
		{C2F61080-B76A-4020-A9AA-51A8284D0D2C}.Debug|Any CPU.ActiveCfg = Debug|Any CPU
		{C2F61080-B76A-4020-A9AA-51A8284D0D2C}.Debug|Any CPU.Build.0 = Debug|Any CPU
		{C2F61080-B76A-4020-A9AA-51A8284D0D2C}.Release|Any CPU.ActiveCfg = Release|Any CPU
		{C2F61080-B76A-4020-A9AA-51A8284D0D2C}.Release|Any CPU.Build.0 = Release|Any CPU
	EndGlobalSection
	GlobalSection(SolutionProperties) = preSolution
		HideSolutionNode = FALSE
	EndGlobalSection
	GlobalSection(NestedProjects) = preSolution
		{DB2CCBD0-FAE7-42C9-9109-EF7390B609BD} = {7AA28CC3-CC79-47AA-A9AA-9FFD53AC10F6}
		{1954BA53-EAD8-4D79-9AFA-07E21FFFA6D6} = {6BB57F7E-216A-4D63-9795-1468F8127D74}
		{7EC84492-A8CB-4086-99BE-0365F4F70F7C} = {A1BA8CE3-EA21-42F0-85A8-BA315B7BC9D7}
		{1F832471-F30D-4CB4-B0E9-D0A36E494CC7} = {D60A5D78-A901-4332-A02B-EC1C8D005800}
		{344B77CB-CC5B-4D12-86DC-F4FDD39D58AC} = {7AA28CC3-CC79-47AA-A9AA-9FFD53AC10F6}
		{EB2FDD32-5357-4AB3-B531-46AA2EC9EA0B} = {9F5AED39-76AF-449D-A842-FAC06005B961}
		{D803C99D-2776-4A1C-B095-28FBBF649AAE} = {A1BA8CE3-EA21-42F0-85A8-BA315B7BC9D7}
		{A1BA8CE3-EA21-42F0-85A8-BA315B7BC9D7} = {7AA28CC3-CC79-47AA-A9AA-9FFD53AC10F6}
		{D729C03D-911F-4EEA-8B0E-BF060EA157A9} = {6BB57F7E-216A-4D63-9795-1468F8127D74}
		{C2F61080-B76A-4020-A9AA-51A8284D0D2C} = {D729C03D-911F-4EEA-8B0E-BF060EA157A9}
	EndGlobalSection
	GlobalSection(ExtensibilityGlobals) = postSolution
		SolutionGuid = {76B073E8-2DA3-4C7A-B12D-0686999BAD72}
	EndGlobalSection
EndGlobal
